
Microsoft Visual Studio Solution File, Format Version 12.00
# Visual Studio Version 16
VisualStudioVersion = 16.0.28803.452
MinimumVisualStudioVersion = 10.0.40219.1
Project("{FAE04EC0-301F-11D3-BF4B-00C04F79EFBC}") = "WebApp1", "WebApp1\WebApp1.csproj", "{D4CAAAF3-E496-4D78-B0B3-83891BA64C14}"
EndProject
Global
	GlobalSection(SolutionConfigurationPlatforms) = preSolution
		Debug|Any CPU = Debug|Any CPU
		Release|Any CPU = Release|Any CPU
	EndGlobalSection
	GlobalSection(ProjectConfigurationPlatforms) = postSolution
		{D4CAAAF3-E496-4D78-B0B3-83891BA64C14}.Debug|Any CPU.ActiveCfg = Debug|Any CPU
		{D4CAAAF3-E496-4D78-B0B3-83891BA64C14}.Debug|Any CPU.Build.0 = Debug|Any CPU
		{D4CAAAF3-E496-4D78-B0B3-83891BA64C14}.Release|Any CPU.ActiveCfg = Release|Any CPU
		{D4CAAAF3-E496-4D78-B0B3-83891BA64C14}.Release|Any CPU.Build.0 = Release|Any CPU
	EndGlobalSection
	GlobalSection(SolutionProperties) = preSolution
		HideSolutionNode = FALSE
	EndGlobalSection
	GlobalSection(ExtensibilityGlobals) = postSolution
		SolutionGuid = {392E40AA-0E79-49B7-ABE5-A683CA37C380}
	EndGlobalSection
EndGlobal
